
Microsoft Visual Studio Solution File, Format Version 12.00
# Visual Studio Version 17
VisualStudioVersion = 17.5.002.0
MinimumVisualStudioVersion = 10.0.40219.1
Project("{9A19103F-16F7-4668-BE54-9A1E7A4F7556}") = "ScreenSharingApp", "ScreenSharingApp.csproj", "{D094D6F9-9297-4BCE-A283-F702F929052F}"
EndProject
Global
	GlobalSection(SolutionConfigurationPlatforms) = preSolution
		Debug|Any CPU = Debug|Any CPU
		Release|Any CPU = Release|Any CPU
	EndGlobalSection
	GlobalSection(ProjectConfigurationPlatforms) = postSolution
		{D094D6F9-9297-4BCE-A283-F702F929052F}.Debug|Any CPU.ActiveCfg = Debug|Any CPU
		{D094D6F9-9297-4BCE-A283-F702F929052F}.Debug|Any CPU.Build.0 = Debug|Any CPU
		{D094D6F9-9297-4BCE-A283-F702F929052F}.Release|Any CPU.ActiveCfg = Release|Any CPU
		{D094D6F9-9297-4BCE-A283-F702F929052F}.Release|Any CPU.Build.0 = Release|Any CPU
	EndGlobalSection
	GlobalSection(SolutionProperties) = preSolution
		HideSolutionNode = FALSE
	EndGlobalSection
	GlobalSection(ExtensibilityGlobals) = postSolution
		SolutionGuid = {0DEC0DBE-715C-4F74-8176-9810BA244325}
	EndGlobalSection
EndGlobal
